
Microsoft Visual Studio Solution File, Format Version 12.00
# Visual Studio Version 17
VisualStudioVersion = 17.4.33122.133
MinimumVisualStudioVersion = 10.0.40219.1
Project("{FAE04EC0-301F-11D3-BF4B-00C04F79EFBC}") = "CLASE 3", "CLASE 3\CLASE 3.csproj", "{F8A3A0CA-627D-49D3-8D46-B2E5D8E750F5}"
EndProject
Global
	GlobalSection(SolutionConfigurationPlatforms) = preSolution
		Debug|Any CPU = Debug|Any CPU
		Release|Any CPU = Release|Any CPU
	EndGlobalSection
	GlobalSection(ProjectConfigurationPlatforms) = postSolution
		{F8A3A0CA-627D-49D3-8D46-B2E5D8E750F5}.Debug|Any CPU.ActiveCfg = Debug|Any CPU
		{F8A3A0CA-627D-49D3-8D46-B2E5D8E750F5}.Debug|Any CPU.Build.0 = Debug|Any CPU
		{F8A3A0CA-627D-49D3-8D46-B2E5D8E750F5}.Release|Any CPU.ActiveCfg = Release|Any CPU
		{F8A3A0CA-627D-49D3-8D46-B2E5D8E750F5}.Release|Any CPU.Build.0 = Release|Any CPU
	EndGlobalSection
	GlobalSection(SolutionProperties) = preSolution
		HideSolutionNode = FALSE
	EndGlobalSection
	GlobalSection(ExtensibilityGlobals) = postSolution
		SolutionGuid = {CF9DEB58-15B6-450A-AF37-FB416AB70A81}
	EndGlobalSection
EndGlobal
